// !$*UTF8*$!
{
	archiveVersion = 1;
	classes = {
	};
	objectVersion = 56;
	objects = {

/* Begin PBXBuildFile section */
		A50328922A7A577A00569700 /* HomeForecastView.swift in Sources */ = {isa = PBXBuildFile; fileRef = A50328912A7A577A00569700 /* HomeForecastView.swift */; };
		A50328942A7A579400569700 /* ForecastCellView.swift in Sources */ = {isa = PBXBuildFile; fileRef = A50328932A7A579400569700 /* ForecastCellView.swift */; };
		A50328962A7A57AA00569700 /* HomeForecastViewModel.swift in Sources */ = {isa = PBXBuildFile; fileRef = A50328952A7A57AA00569700 /* HomeForecastViewModel.swift */; };
		A50328992A7A5BDB00569700 /* RootViewModel.swift in Sources */ = {isa = PBXBuildFile; fileRef = A50328982A7A5BDB00569700 /* RootViewModel.swift */; };
		A503289B2A7A5BE900569700 /* RootView.swift in Sources */ = {isa = PBXBuildFile; fileRef = A503289A2A7A5BE900569700 /* RootView.swift */; };
		A50328A02A7A7E1600569700 /* SearchBar.swift in Sources */ = {isa = PBXBuildFile; fileRef = A503289F2A7A7E1600569700 /* SearchBar.swift */; };
		A50328A32A7A838B00569700 /* CurrentView.swift in Sources */ = {isa = PBXBuildFile; fileRef = A50328A22A7A838B00569700 /* CurrentView.swift */; };
		A50328A52A7A840B00569700 /* TabBar.swift in Sources */ = {isa = PBXBuildFile; fileRef = A50328A42A7A840B00569700 /* TabBar.swift */; };
		A59932E12A7A2A8600599FB0 /* RepositoryImplementation.swift in Sources */ = {isa = PBXBuildFile; fileRef = A59932E02A7A2A8600599FB0 /* RepositoryImplementation.swift */; };
		A59932E42A7A442900599FB0 /* TestRepositoryImplementation.swift in Sources */ = {isa = PBXBuildFile; fileRef = A59932E32A7A442900599FB0 /* TestRepositoryImplementation.swift */; };
		A5E41ADA2A7811C200346404 /* WeatherAppApp.swift in Sources */ = {isa = PBXBuildFile; fileRef = A5E41AD92A7811C200346404 /* WeatherAppApp.swift */; };
		A5E41ADC2A7811C200346404 /* ContentView.swift in Sources */ = {isa = PBXBuildFile; fileRef = A5E41ADB2A7811C200346404 /* ContentView.swift */; };
		A5E41ADE2A7811C300346404 /* Assets.xcassets in Resources */ = {isa = PBXBuildFile; fileRef = A5E41ADD2A7811C300346404 /* Assets.xcassets */; };
		A5E41AE12A7811C300346404 /* Preview Assets.xcassets in Resources */ = {isa = PBXBuildFile; fileRef = A5E41AE02A7811C300346404 /* Preview Assets.xcassets */; };
		A5E41AEB2A7811C300346404 /* WeatherAppTests.swift in Sources */ = {isa = PBXBuildFile; fileRef = A5E41AEA2A7811C300346404 /* WeatherAppTests.swift */; };
		A5E41AF52A7811C300346404 /* WeatherAppUITests.swift in Sources */ = {isa = PBXBuildFile; fileRef = A5E41AF42A7811C300346404 /* WeatherAppUITests.swift */; };
		A5E41AF72A7811C300346404 /* WeatherAppUITestsLaunchTests.swift in Sources */ = {isa = PBXBuildFile; fileRef = A5E41AF62A7811C300346404 /* WeatherAppUITestsLaunchTests.swift */; };
		A5E41B072A7812A600346404 /* NameSearchedRemoteDataSource.swift in Sources */ = {isa = PBXBuildFile; fileRef = A5E41B062A7812A600346404 /* NameSearchedRemoteDataSource.swift */; };
		A5E41B0E2A7812DC00346404 /* Protocols.swift in Sources */ = {isa = PBXBuildFile; fileRef = A5E41B0D2A7812DC00346404 /* Protocols.swift */; };
		A5E41B102A78131200346404 /* WeatherModel.swift in Sources */ = {isa = PBXBuildFile; fileRef = A5E41B0F2A78131200346404 /* WeatherModel.swift */; };
		A5E41B162A78149B00346404 /* K.swift in Sources */ = {isa = PBXBuildFile; fileRef = A5E41B152A78149B00346404 /* K.swift */; };
		A5E41B192A78168700346404 /* ForecastDataSourceModel.swift in Sources */ = {isa = PBXBuildFile; fileRef = A5E41B182A78168700346404 /* ForecastDataSourceModel.swift */; };
		A5E41B212A78222700346404 /* MockWeatherRemoteDataSource.swift in Sources */ = {isa = PBXBuildFile; fileRef = A5E41B202A78222700346404 /* MockWeatherRemoteDataSource.swift */; };
		A5E41B232A79185000346404 /* URLProtocolMock.swift in Sources */ = {isa = PBXBuildFile; fileRef = A5E41B222A79185000346404 /* URLProtocolMock.swift */; };
		A5E41B252A791BC900346404 /* WeatherByNameRemoteDataSourceTest.swift in Sources */ = {isa = PBXBuildFile; fileRef = A5E41B242A791BC900346404 /* WeatherByNameRemoteDataSourceTest.swift */; };
/* End PBXBuildFile section */

/* Begin PBXContainerItemProxy section */
		A5E41AE72A7811C300346404 /* PBXContainerItemProxy */ = {
			isa = PBXContainerItemProxy;
			containerPortal = A5E41ACE2A7811C200346404 /* Project object */;
			proxyType = 1;
			remoteGlobalIDString = A5E41AD52A7811C200346404;
			remoteInfo = WeatherApp;
		};
		A5E41AF12A7811C300346404 /* PBXContainerItemProxy */ = {
			isa = PBXContainerItemProxy;
			containerPortal = A5E41ACE2A7811C200346404 /* Project object */;
			proxyType = 1;
			remoteGlobalIDString = A5E41AD52A7811C200346404;
			remoteInfo = WeatherApp;
		};
/* End PBXContainerItemProxy section */

/* Begin PBXFileReference section */
		A50328912A7A577A00569700 /* HomeForecastView.swift */ = {isa = PBXFileReference; lastKnownFileType = sourcecode.swift; path = HomeForecastView.swift; sourceTree = "<group>"; };
		A50328932A7A579400569700 /* ForecastCellView.swift */ = {isa = PBXFileReference; lastKnownFileType = sourcecode.swift; path = ForecastCellView.swift; sourceTree = "<group>"; };
		A50328952A7A57AA00569700 /* HomeForecastViewModel.swift */ = {isa = PBXFileReference; lastKnownFileType = sourcecode.swift; path = HomeForecastViewModel.swift; sourceTree = "<group>"; };
		A50328982A7A5BDB00569700 /* RootViewModel.swift */ = {isa = PBXFileReference; lastKnownFileType = sourcecode.swift; path = RootViewModel.swift; sourceTree = "<group>"; };
		A503289A2A7A5BE900569700 /* RootView.swift */ = {isa = PBXFileReference; lastKnownFileType = sourcecode.swift; path = RootView.swift; sourceTree = "<group>"; };
		A503289F2A7A7E1600569700 /* SearchBar.swift */ = {isa = PBXFileReference; lastKnownFileType = sourcecode.swift; path = SearchBar.swift; sourceTree = "<group>"; };
		A50328A22A7A838B00569700 /* CurrentView.swift */ = {isa = PBXFileReference; lastKnownFileType = sourcecode.swift; path = CurrentView.swift; sourceTree = "<group>"; };
		A50328A42A7A840B00569700 /* TabBar.swift */ = {isa = PBXFileReference; lastKnownFileType = sourcecode.swift; path = TabBar.swift; sourceTree = "<group>"; };
		A59932DD2A798FB100599FB0 /* WeatherApp.xctestplan */ = {isa = PBXFileReference; lastKnownFileType = text; path = WeatherApp.xctestplan; sourceTree = "<group>"; };
		A59932DE2A798FBA00599FB0 /* WeatherApp.xctestplan */ = {isa = PBXFileReference; lastKnownFileType = text; path = WeatherApp.xctestplan; sourceTree = "<group>"; };
		A59932E02A7A2A8600599FB0 /* RepositoryImplementation.swift */ = {isa = PBXFileReference; lastKnownFileType = sourcecode.swift; path = RepositoryImplementation.swift; sourceTree = "<group>"; };
		A59932E32A7A442900599FB0 /* TestRepositoryImplementation.swift */ = {isa = PBXFileReference; lastKnownFileType = sourcecode.swift; path = TestRepositoryImplementation.swift; sourceTree = "<group>"; };
		A5E41AD62A7811C200346404 /* WeatherApp.app */ = {isa = PBXFileReference; explicitFileType = wrapper.application; includeInIndex = 0; path = WeatherApp.app; sourceTree = BUILT_PRODUCTS_DIR; };
		A5E41AD92A7811C200346404 /* WeatherAppApp.swift */ = {isa = PBXFileReference; lastKnownFileType = sourcecode.swift; path = WeatherAppApp.swift; sourceTree = "<group>"; };
		A5E41ADB2A7811C200346404 /* ContentView.swift */ = {isa = PBXFileReference; lastKnownFileType = sourcecode.swift; path = ContentView.swift; sourceTree = "<group>"; };
		A5E41ADD2A7811C300346404 /* Assets.xcassets */ = {isa = PBXFileReference; lastKnownFileType = folder.assetcatalog; path = Assets.xcassets; sourceTree = "<group>"; };
		A5E41AE02A7811C300346404 /* Preview Assets.xcassets */ = {isa = PBXFileReference; lastKnownFileType = folder.assetcatalog; path = "Preview Assets.xcassets"; sourceTree = "<group>"; };
		A5E41AE62A7811C300346404 /* WeatherAppTests.xctest */ = {isa = PBXFileReference; explicitFileType = wrapper.cfbundle; includeInIndex = 0; path = WeatherAppTests.xctest; sourceTree = BUILT_PRODUCTS_DIR; };
		A5E41AEA2A7811C300346404 /* WeatherAppTests.swift */ = {isa = PBXFileReference; lastKnownFileType = sourcecode.swift; path = WeatherAppTests.swift; sourceTree = "<group>"; };
		A5E41AF02A7811C300346404 /* WeatherAppUITests.xctest */ = {isa = PBXFileReference; explicitFileType = wrapper.cfbundle; includeInIndex = 0; path = WeatherAppUITests.xctest; sourceTree = BUILT_PRODUCTS_DIR; };
		A5E41AF42A7811C300346404 /* WeatherAppUITests.swift */ = {isa = PBXFileReference; lastKnownFileType = sourcecode.swift; path = WeatherAppUITests.swift; sourceTree = "<group>"; };
		A5E41AF62A7811C300346404 /* WeatherAppUITestsLaunchTests.swift */ = {isa = PBXFileReference; lastKnownFileType = sourcecode.swift; path = WeatherAppUITestsLaunchTests.swift; sourceTree = "<group>"; };
		A5E41B062A7812A600346404 /* NameSearchedRemoteDataSource.swift */ = {isa = PBXFileReference; lastKnownFileType = sourcecode.swift; path = NameSearchedRemoteDataSource.swift; sourceTree = "<group>"; };
		A5E41B0D2A7812DC00346404 /* Protocols.swift */ = {isa = PBXFileReference; lastKnownFileType = sourcecode.swift; path = Protocols.swift; sourceTree = "<group>"; };
		A5E41B0F2A78131200346404 /* WeatherModel.swift */ = {isa = PBXFileReference; lastKnownFileType = sourcecode.swift; path = WeatherModel.swift; sourceTree = "<group>"; };
		A5E41B152A78149B00346404 /* K.swift */ = {isa = PBXFileReference; lastKnownFileType = sourcecode.swift; path = K.swift; sourceTree = "<group>"; };
		A5E41B182A78168700346404 /* ForecastDataSourceModel.swift */ = {isa = PBXFileReference; lastKnownFileType = sourcecode.swift; path = ForecastDataSourceModel.swift; sourceTree = "<group>"; };
		A5E41B202A78222700346404 /* MockWeatherRemoteDataSource.swift */ = {isa = PBXFileReference; lastKnownFileType = sourcecode.swift; path = MockWeatherRemoteDataSource.swift; sourceTree = "<group>"; };
		A5E41B222A79185000346404 /* URLProtocolMock.swift */ = {isa = PBXFileReference; lastKnownFileType = sourcecode.swift; path = URLProtocolMock.swift; sourceTree = "<group>"; };
		A5E41B242A791BC900346404 /* WeatherByNameRemoteDataSourceTest.swift */ = {isa = PBXFileReference; lastKnownFileType = sourcecode.swift; path = WeatherByNameRemoteDataSourceTest.swift; sourceTree = "<group>"; };
/* End PBXFileReference section */

/* Begin PBXFrameworksBuildPhase section */
		A5E41AD32A7811C200346404 /* Frameworks */ = {
			isa = PBXFrameworksBuildPhase;
			buildActionMask = 2147483647;
			files = (
			);
			runOnlyForDeploymentPostprocessing = 0;
		};
		A5E41AE32A7811C300346404 /* Frameworks */ = {
			isa = PBXFrameworksBuildPhase;
			buildActionMask = 2147483647;
			files = (
			);
			runOnlyForDeploymentPostprocessing = 0;
		};
		A5E41AED2A7811C300346404 /* Frameworks */ = {
			isa = PBXFrameworksBuildPhase;
			buildActionMask = 2147483647;
			files = (
			);
			runOnlyForDeploymentPostprocessing = 0;
		};
/* End PBXFrameworksBuildPhase section */

/* Begin PBXGroup section */
		A50328972A7A5BCE00569700 /* Root */ = {
			isa = PBXGroup;
			children = (
				A50328982A7A5BDB00569700 /* RootViewModel.swift */,
				A503289A2A7A5BE900569700 /* RootView.swift */,
			);
			path = Root;
			sourceTree = "<group>";
		};
		A503289E2A7A7DFD00569700 /* Components */ = {
			isa = PBXGroup;
			children = (
				A50328932A7A579400569700 /* ForecastCellView.swift */,
				A503289F2A7A7E1600569700 /* SearchBar.swift */,
				A50328A42A7A840B00569700 /* TabBar.swift */,
			);
			path = Components;
			sourceTree = "<group>";
		};
		A50328A12A7A837C00569700 /* Current */ = {
			isa = PBXGroup;
			children = (
				A50328A22A7A838B00569700 /* CurrentView.swift */,
			);
			path = Current;
			sourceTree = "<group>";
		};
		A59932DF2A7A294800599FB0 /* Repository */ = {
			isa = PBXGroup;
			children = (
				A59932E02A7A2A8600599FB0 /* RepositoryImplementation.swift */,
			);
			path = Repository;
			sourceTree = "<group>";
		};
		A59932E22A7A43C400599FB0 /* TestRespositoryImplementation */ = {
			isa = PBXGroup;
			children = (
				A59932E32A7A442900599FB0 /* TestRepositoryImplementation.swift */,
			);
			path = TestRespositoryImplementation;
			sourceTree = "<group>";
		};
		A59932E52A7A44BC00599FB0 /* AppModel */ = {
			isa = PBXGroup;
			children = (
				A5E41B0F2A78131200346404 /* WeatherModel.swift */,
			);
			path = AppModel;
			sourceTree = "<group>";
		};
		A5E41ACD2A7811C200346404 = {
			isa = PBXGroup;
			children = (
				A59932DE2A798FBA00599FB0 /* WeatherApp.xctestplan */,
				A59932DD2A798FB100599FB0 /* WeatherApp.xctestplan */,
				A5E41AD82A7811C200346404 /* WeatherApp */,
				A5E41AE92A7811C300346404 /* WeatherAppTests */,
				A5E41AF32A7811C300346404 /* WeatherAppUITests */,
				A5E41AD72A7811C200346404 /* Products */,
			);
			sourceTree = "<group>";
		};
		A5E41AD72A7811C200346404 /* Products */ = {
			isa = PBXGroup;
			children = (
				A5E41AD62A7811C200346404 /* WeatherApp.app */,
				A5E41AE62A7811C300346404 /* WeatherAppTests.xctest */,
				A5E41AF02A7811C300346404 /* WeatherAppUITests.xctest */,
			);
			name = Products;
			sourceTree = "<group>";
		};
		A5E41AD82A7811C200346404 /* WeatherApp */ = {
			isa = PBXGroup;
			children = (
				A5E41ADB2A7811C200346404 /* ContentView.swift */,
				A5E41B1A2A7818C900346404 /* App */,
				A5E41B112A78132000346404 /* Presentation */,
				A5E41B0A2A7812BA00346404 /* Domain */,
				A5E41B032A78127300346404 /* Data */,
				A5E41ADF2A7811C300346404 /* Preview Content */,
			);
			path = WeatherApp;
			sourceTree = "<group>";
		};
		A5E41ADF2A7811C300346404 /* Preview Content */ = {
			isa = PBXGroup;
			children = (
				A5E41AE02A7811C300346404 /* Preview Assets.xcassets */,
			);
			path = "Preview Content";
			sourceTree = "<group>";
		};
		A5E41AE92A7811C300346404 /* WeatherAppTests */ = {
			isa = PBXGroup;
			children = (
				A5E41B1F2A7821CD00346404 /* Mocks */,
				A5E41B1D2A7821B500346404 /* Suts */,
				A5E41AEA2A7811C300346404 /* WeatherAppTests.swift */,
			);
			path = WeatherAppTests;
			sourceTree = "<group>";
		};
		A5E41AF32A7811C300346404 /* WeatherAppUITests */ = {
			isa = PBXGroup;
			children = (
				A5E41AF42A7811C300346404 /* WeatherAppUITests.swift */,
				A5E41AF62A7811C300346404 /* WeatherAppUITestsLaunchTests.swift */,
			);
			path = WeatherAppUITests;
			sourceTree = "<group>";
		};
		A5E41B032A78127300346404 /* Data */ = {
			isa = PBXGroup;
			children = (
				A59932DF2A7A294800599FB0 /* Repository */,
				A5E41B042A78128700346404 /* Remote */,
			);
			path = Data;
			sourceTree = "<group>";
		};
		A5E41B042A78128700346404 /* Remote */ = {
			isa = PBXGroup;
			children = (
				A5E41B052A78128E00346404 /* DataSource */,
			);
			path = Remote;
			sourceTree = "<group>";
		};
		A5E41B052A78128E00346404 /* DataSource */ = {
			isa = PBXGroup;
			children = (
				A5E41B062A7812A600346404 /* NameSearchedRemoteDataSource.swift */,
			);
			path = DataSource;
			sourceTree = "<group>";
		};
		A5E41B0A2A7812BA00346404 /* Domain */ = {
			isa = PBXGroup;
			children = (
				A5E41B0C2A7812CE00346404 /* Protocols */,
				A5E41B0B2A7812C700346404 /* Models */,
			);
			path = Domain;
			sourceTree = "<group>";
		};
		A5E41B0B2A7812C700346404 /* Models */ = {
			isa = PBXGroup;
			children = (
				A59932E52A7A44BC00599FB0 /* AppModel */,
				A5E41B172A78167400346404 /* WeatherDataSourceModel */,
			);
			path = Models;
			sourceTree = "<group>";
		};
		A5E41B0C2A7812CE00346404 /* Protocols */ = {
			isa = PBXGroup;
			children = (
				A5E41B0D2A7812DC00346404 /* Protocols.swift */,
			);
			path = Protocols;
			sourceTree = "<group>";
		};
		A5E41B112A78132000346404 /* Presentation */ = {
			isa = PBXGroup;
			children = (
				A50328A12A7A837C00569700 /* Current */,
				A503289E2A7A7DFD00569700 /* Components */,
				A50328972A7A5BCE00569700 /* Root */,
				A5E41B142A78134B00346404 /* Home */,
				A5E41B122A78133300346404 /* Resources */,
			);
			path = Presentation;
			sourceTree = "<group>";
		};
		A5E41B122A78133300346404 /* Resources */ = {
			isa = PBXGroup;
			children = (
				A5E41B132A78133A00346404 /* Components */,
			);
			path = Resources;
			sourceTree = "<group>";
		};
		A5E41B132A78133A00346404 /* Components */ = {
			isa = PBXGroup;
			children = (
			);
			path = Components;
			sourceTree = "<group>";
		};
		A5E41B142A78134B00346404 /* Home */ = {
			isa = PBXGroup;
			children = (
				A50328912A7A577A00569700 /* HomeForecastView.swift */,
				A50328952A7A57AA00569700 /* HomeForecastViewModel.swift */,
			);
			path = Home;
			sourceTree = "<group>";
		};
		A5E41B172A78167400346404 /* WeatherDataSourceModel */ = {
			isa = PBXGroup;
			children = (
				A5E41B182A78168700346404 /* ForecastDataSourceModel.swift */,
			);
			path = WeatherDataSourceModel;
			sourceTree = "<group>";
		};
		A5E41B1A2A7818C900346404 /* App */ = {
			isa = PBXGroup;
			children = (
				A5E41B1B2A78192600346404 /* Resources */,
				A5E41AD92A7811C200346404 /* WeatherAppApp.swift */,
				A5E41B152A78149B00346404 /* K.swift */,
			);
			path = App;
			sourceTree = "<group>";
		};
		A5E41B1B2A78192600346404 /* Resources */ = {
			isa = PBXGroup;
			children = (
				A5E41ADD2A7811C300346404 /* Assets.xcassets */,
			);
			path = Resources;
			sourceTree = "<group>";
		};
		A5E41B1C2A78216000346404 /* TestWeatherDataSourceModel */ = {
			isa = PBXGroup;
			children = (
				A5E41B242A791BC900346404 /* WeatherByNameRemoteDataSourceTest.swift */,
			);
			path = TestWeatherDataSourceModel;
			sourceTree = "<group>";
		};
		A5E41B1D2A7821B500346404 /* Suts */ = {
			isa = PBXGroup;
			children = (
				A5E41B1E2A7821BC00346404 /* Data */,
			);
			path = Suts;
			sourceTree = "<group>";
		};
		A5E41B1E2A7821BC00346404 /* Data */ = {
			isa = PBXGroup;
			children = (
				A59932E22A7A43C400599FB0 /* TestRespositoryImplementation */,
				A5E41B1C2A78216000346404 /* TestWeatherDataSourceModel */,
			);
			path = Data;
			sourceTree = "<group>";
		};
		A5E41B1F2A7821CD00346404 /* Mocks */ = {
			isa = PBXGroup;
			children = (
				A5E41B202A78222700346404 /* MockWeatherRemoteDataSource.swift */,
				A5E41B222A79185000346404 /* URLProtocolMock.swift */,
			);
			path = Mocks;
			sourceTree = "<group>";
		};
/* End PBXGroup section */

/* Begin PBXNativeTarget section */
		A5E41AD52A7811C200346404 /* WeatherApp */ = {
			isa = PBXNativeTarget;
			buildConfigurationList = A5E41AFA2A7811C300346404 /* Build configuration list for PBXNativeTarget "WeatherApp" */;
			buildPhases = (
				A5E41AD22A7811C200346404 /* Sources */,
				A5E41AD32A7811C200346404 /* Frameworks */,
				A5E41AD42A7811C200346404 /* Resources */,
			);
			buildRules = (
			);
			dependencies = (
			);
			name = WeatherApp;
			productName = WeatherApp;
			productReference = A5E41AD62A7811C200346404 /* WeatherApp.app */;
			productType = "com.apple.product-type.application";
		};
		A5E41AE52A7811C300346404 /* WeatherAppTests */ = {
			isa = PBXNativeTarget;
			buildConfigurationList = A5E41AFD2A7811C300346404 /* Build configuration list for PBXNativeTarget "WeatherAppTests" */;
			buildPhases = (
				A5E41AE22A7811C300346404 /* Sources */,
				A5E41AE32A7811C300346404 /* Frameworks */,
				A5E41AE42A7811C300346404 /* Resources */,
			);
			buildRules = (
			);
			dependencies = (
				A5E41AE82A7811C300346404 /* PBXTargetDependency */,
			);
			name = WeatherAppTests;
			productName = WeatherAppTests;
			productReference = A5E41AE62A7811C300346404 /* WeatherAppTests.xctest */;
			productType = "com.apple.product-type.bundle.unit-test";
		};
		A5E41AEF2A7811C300346404 /* WeatherAppUITests */ = {
			isa = PBXNativeTarget;
			buildConfigurationList = A5E41B002A7811C300346404 /* Build configuration list for PBXNativeTarget "WeatherAppUITests" */;
			buildPhases = (
				A5E41AEC2A7811C300346404 /* Sources */,
				A5E41AED2A7811C300346404 /* Frameworks */,
				A5E41AEE2A7811C300346404 /* Resources */,
			);
			buildRules = (
			);
			dependencies = (
				A5E41AF22A7811C300346404 /* PBXTargetDependency */,
			);
			name = WeatherAppUITests;
			productName = WeatherAppUITests;
			productReference = A5E41AF02A7811C300346404 /* WeatherAppUITests.xctest */;
			productType = "com.apple.product-type.bundle.ui-testing";
		};
/* End PBXNativeTarget section */

/* Begin PBXProject section */
		A5E41ACE2A7811C200346404 /* Project object */ = {
			isa = PBXProject;
			attributes = {
				BuildIndependentTargetsInParallel = 1;
				LastSwiftUpdateCheck = 1430;
				LastUpgradeCheck = 1430;
				TargetAttributes = {
					A5E41AD52A7811C200346404 = {
						CreatedOnToolsVersion = 14.3.1;
					};
					A5E41AE52A7811C300346404 = {
						CreatedOnToolsVersion = 14.3.1;
						TestTargetID = A5E41AD52A7811C200346404;
					};
					A5E41AEF2A7811C300346404 = {
						CreatedOnToolsVersion = 14.3.1;
						TestTargetID = A5E41AD52A7811C200346404;
					};
				};
			};
			buildConfigurationList = A5E41AD12A7811C200346404 /* Build configuration list for PBXProject "WeatherApp" */;
			compatibilityVersion = "Xcode 14.0";
			developmentRegion = en;
			hasScannedForEncodings = 0;
			knownRegions = (
				en,
				Base,
			);
			mainGroup = A5E41ACD2A7811C200346404;
			productRefGroup = A5E41AD72A7811C200346404 /* Products */;
			projectDirPath = "";
			projectRoot = "";
			targets = (
				A5E41AD52A7811C200346404 /* WeatherApp */,
				A5E41AE52A7811C300346404 /* WeatherAppTests */,
				A5E41AEF2A7811C300346404 /* WeatherAppUITests */,
			);
		};
/* End PBXProject section */

/* Begin PBXResourcesBuildPhase section */
		A5E41AD42A7811C200346404 /* Resources */ = {
			isa = PBXResourcesBuildPhase;
			buildActionMask = 2147483647;
			files = (
				A5E41AE12A7811C300346404 /* Preview Assets.xcassets in Resources */,
				A5E41ADE2A7811C300346404 /* Assets.xcassets in Resources */,
			);
			runOnlyForDeploymentPostprocessing = 0;
		};
		A5E41AE42A7811C300346404 /* Resources */ = {
			isa = PBXResourcesBuildPhase;
			buildActionMask = 2147483647;
			files = (
			);
			runOnlyForDeploymentPostprocessing = 0;
		};
		A5E41AEE2A7811C300346404 /* Resources */ = {
			isa = PBXResourcesBuildPhase;
			buildActionMask = 2147483647;
			files = (
			);
			runOnlyForDeploymentPostprocessing = 0;
		};
/* End PBXResourcesBuildPhase section */

/* Begin PBXSourcesBuildPhase section */
		A5E41AD22A7811C200346404 /* Sources */ = {
			isa = PBXSourcesBuildPhase;
			buildActionMask = 2147483647;
			files = (
				A5E41B0E2A7812DC00346404 /* Protocols.swift in Sources */,
				A5E41B162A78149B00346404 /* K.swift in Sources */,
				A5E41ADC2A7811C200346404 /* ContentView.swift in Sources */,
				A50328A52A7A840B00569700 /* TabBar.swift in Sources */,
				A50328942A7A579400569700 /* ForecastCellView.swift in Sources */,
				A50328962A7A57AA00569700 /* HomeForecastViewModel.swift in Sources */,
				A50328A32A7A838B00569700 /* CurrentView.swift in Sources */,
				A5E41B192A78168700346404 /* ForecastDataSourceModel.swift in Sources */,
				A5E41B072A7812A600346404 /* NameSearchedRemoteDataSource.swift in Sources */,
				A50328A02A7A7E1600569700 /* SearchBar.swift in Sources */,
				A5E41ADA2A7811C200346404 /* WeatherAppApp.swift in Sources */,
				A5E41B102A78131200346404 /* WeatherModel.swift in Sources */,
				A503289B2A7A5BE900569700 /* RootView.swift in Sources */,
				A59932E12A7A2A8600599FB0 /* RepositoryImplementation.swift in Sources */,
				A50328992A7A5BDB00569700 /* RootViewModel.swift in Sources */,
				A50328922A7A577A00569700 /* HomeForecastView.swift in Sources */,
			);
			runOnlyForDeploymentPostprocessing = 0;
		};
		A5E41AE22A7811C300346404 /* Sources */ = {
			isa = PBXSourcesBuildPhase;
			buildActionMask = 2147483647;
			files = (
				A5E41AEB2A7811C300346404 /* WeatherAppTests.swift in Sources */,
				A5E41B252A791BC900346404 /* WeatherByNameRemoteDataSourceTest.swift in Sources */,
				A59932E42A7A442900599FB0 /* TestRepositoryImplementation.swift in Sources */,
				A5E41B232A79185000346404 /* URLProtocolMock.swift in Sources */,
				A5E41B212A78222700346404 /* MockWeatherRemoteDataSource.swift in Sources */,
			);
			runOnlyForDeploymentPostprocessing = 0;
		};
		A5E41AEC2A7811C300346404 /* Sources */ = {
			isa = PBXSourcesBuildPhase;
			buildActionMask = 2147483647;
			files = (
				A5E41AF52A7811C300346404 /* WeatherAppUITests.swift in Sources */,
				A5E41AF72A7811C300346404 /* WeatherAppUITestsLaunchTests.swift in Sources */,
			);
			runOnlyForDeploymentPostprocessing = 0;
		};
/* End PBXSourcesBuildPhase section */

/* Begin PBXTargetDependency section */
		A5E41AE82A7811C300346404 /* PBXTargetDependency */ = {
			isa = PBXTargetDependency;
			target = A5E41AD52A7811C200346404 /* WeatherApp */;
			targetProxy = A5E41AE72A7811C300346404 /* PBXContainerItemProxy */;
		};
		A5E41AF22A7811C300346404 /* PBXTargetDependency */ = {
			isa = PBXTargetDependency;
			target = A5E41AD52A7811C200346404 /* WeatherApp */;
			targetProxy = A5E41AF12A7811C300346404 /* PBXContainerItemProxy */;
		};
/* End PBXTargetDependency section */

/* Begin XCBuildConfiguration section */
		A5E41AF82A7811C300346404 /* Debug */ = {
			isa = XCBuildConfiguration;
			buildSettings = {
				ALWAYS_SEARCH_USER_PATHS = NO;
				CLANG_ANALYZER_NONNULL = YES;
				CLANG_ANALYZER_NUMBER_OBJECT_CONVERSION = YES_AGGRESSIVE;
				CLANG_CXX_LANGUAGE_STANDARD = "gnu++20";
				CLANG_ENABLE_MODULES = YES;
				CLANG_ENABLE_OBJC_ARC = YES;
				CLANG_ENABLE_OBJC_WEAK = YES;
				CLANG_WARN_BLOCK_CAPTURE_AUTORELEASING = YES;
				CLANG_WARN_BOOL_CONVERSION = YES;
				CLANG_WARN_COMMA = YES;
				CLANG_WARN_CONSTANT_CONVERSION = YES;
				CLANG_WARN_DEPRECATED_OBJC_IMPLEMENTATIONS = YES;
				CLANG_WARN_DIRECT_OBJC_ISA_USAGE = YES_ERROR;
				CLANG_WARN_DOCUMENTATION_COMMENTS = YES;
				CLANG_WARN_EMPTY_BODY = YES;
				CLANG_WARN_ENUM_CONVERSION = YES;
				CLANG_WARN_INFINITE_RECURSION = YES;
				CLANG_WARN_INT_CONVERSION = YES;
				CLANG_WARN_NON_LITERAL_NULL_CONVERSION = YES;
				CLANG_WARN_OBJC_IMPLICIT_RETAIN_SELF = YES;
				CLANG_WARN_OBJC_LITERAL_CONVERSION = YES;
				CLANG_WARN_OBJC_ROOT_CLASS = YES_ERROR;
				CLANG_WARN_QUOTED_INCLUDE_IN_FRAMEWORK_HEADER = YES;
				CLANG_WARN_RANGE_LOOP_ANALYSIS = YES;
				CLANG_WARN_STRICT_PROTOTYPES = YES;
				CLANG_WARN_SUSPICIOUS_MOVE = YES;
				CLANG_WARN_UNGUARDED_AVAILABILITY = YES_AGGRESSIVE;
				CLANG_WARN_UNREACHABLE_CODE = YES;
				CLANG_WARN__DUPLICATE_METHOD_MATCH = YES;
				COPY_PHASE_STRIP = NO;
				DEBUG_INFORMATION_FORMAT = dwarf;
				ENABLE_STRICT_OBJC_MSGSEND = YES;
				ENABLE_TESTABILITY = YES;
				GCC_C_LANGUAGE_STANDARD = gnu11;
				GCC_DYNAMIC_NO_PIC = NO;
				GCC_NO_COMMON_BLOCKS = YES;
				GCC_OPTIMIZATION_LEVEL = 0;
				GCC_PREPROCESSOR_DEFINITIONS = (
					"DEBUG=1",
					"$(inherited)",
				);
				GCC_WARN_64_TO_32_BIT_CONVERSION = YES;
				GCC_WARN_ABOUT_RETURN_TYPE = YES_ERROR;
				GCC_WARN_UNDECLARED_SELECTOR = YES;
				GCC_WARN_UNINITIALIZED_AUTOS = YES_AGGRESSIVE;
				GCC_WARN_UNUSED_FUNCTION = YES;
				GCC_WARN_UNUSED_VARIABLE = YES;
				IPHONEOS_DEPLOYMENT_TARGET = 16.4;
				MTL_ENABLE_DEBUG_INFO = INCLUDE_SOURCE;
				MTL_FAST_MATH = YES;
				ONLY_ACTIVE_ARCH = YES;
				SDKROOT = iphoneos;
				SWIFT_ACTIVE_COMPILATION_CONDITIONS = DEBUG;
				SWIFT_OPTIMIZATION_LEVEL = "-Onone";
			};
			name = Debug;
		};
		A5E41AF92A7811C300346404 /* Release */ = {
			isa = XCBuildConfiguration;
			buildSettings = {
				ALWAYS_SEARCH_USER_PATHS = NO;
				CLANG_ANALYZER_NONNULL = YES;
				CLANG_ANALYZER_NUMBER_OBJECT_CONVERSION = YES_AGGRESSIVE;
				CLANG_CXX_LANGUAGE_STANDARD = "gnu++20";
				CLANG_ENABLE_MODULES = YES;
				CLANG_ENABLE_OBJC_ARC = YES;
				CLANG_ENABLE_OBJC_WEAK = YES;
				CLANG_WARN_BLOCK_CAPTURE_AUTORELEASING = YES;
				CLANG_WARN_BOOL_CONVERSION = YES;
				CLANG_WARN_COMMA = YES;
				CLANG_WARN_CONSTANT_CONVERSION = YES;
				CLANG_WARN_DEPRECATED_OBJC_IMPLEMENTATIONS = YES;
				CLANG_WARN_DIRECT_OBJC_ISA_USAGE = YES_ERROR;
				CLANG_WARN_DOCUMENTATION_COMMENTS = YES;
				CLANG_WARN_EMPTY_BODY = YES;
				CLANG_WARN_ENUM_CONVERSION = YES;
				CLANG_WARN_INFINITE_RECURSION = YES;
				CLANG_WARN_INT_CONVERSION = YES;
				CLANG_WARN_NON_LITERAL_NULL_CONVERSION = YES;
				CLANG_WARN_OBJC_IMPLICIT_RETAIN_SELF = YES;
				CLANG_WARN_OBJC_LITERAL_CONVERSION = YES;
				CLANG_WARN_OBJC_ROOT_CLASS = YES_ERROR;
				CLANG_WARN_QUOTED_INCLUDE_IN_FRAMEWORK_HEADER = YES;
				CLANG_WARN_RANGE_LOOP_ANALYSIS = YES;
				CLANG_WARN_STRICT_PROTOTYPES = YES;
				CLANG_WARN_SUSPICIOUS_MOVE = YES;
				CLANG_WARN_UNGUARDED_AVAILABILITY = YES_AGGRESSIVE;
				CLANG_WARN_UNREACHABLE_CODE = YES;
				CLANG_WARN__DUPLICATE_METHOD_MATCH = YES;
				COPY_PHASE_STRIP = NO;
				DEBUG_INFORMATION_FORMAT = "dwarf-with-dsym";
				ENABLE_NS_ASSERTIONS = NO;
				ENABLE_STRICT_OBJC_MSGSEND = YES;
				GCC_C_LANGUAGE_STANDARD = gnu11;
				GCC_NO_COMMON_BLOCKS = YES;
				GCC_WARN_64_TO_32_BIT_CONVERSION = YES;
				GCC_WARN_ABOUT_RETURN_TYPE = YES_ERROR;
				GCC_WARN_UNDECLARED_SELECTOR = YES;
				GCC_WARN_UNINITIALIZED_AUTOS = YES_AGGRESSIVE;
				GCC_WARN_UNUSED_FUNCTION = YES;
				GCC_WARN_UNUSED_VARIABLE = YES;
				IPHONEOS_DEPLOYMENT_TARGET = 16.4;
				MTL_ENABLE_DEBUG_INFO = NO;
				MTL_FAST_MATH = YES;
				SDKROOT = iphoneos;
				SWIFT_COMPILATION_MODE = wholemodule;
				SWIFT_OPTIMIZATION_LEVEL = "-O";
				VALIDATE_PRODUCT = YES;
			};
			name = Release;
		};
		A5E41AFB2A7811C300346404 /* Debug */ = {
			isa = XCBuildConfiguration;
			buildSettings = {
				ASSETCATALOG_COMPILER_APPICON_NAME = AppIcon;
				ASSETCATALOG_COMPILER_GLOBAL_ACCENT_COLOR_NAME = AccentColor;
				CODE_SIGN_STYLE = Automatic;
				CURRENT_PROJECT_VERSION = 1;
				DEVELOPMENT_ASSET_PATHS = "\"WeatherApp/Preview Content\"";
				ENABLE_PREVIEWS = YES;
				GENERATE_INFOPLIST_FILE = YES;
				INFOPLIST_KEY_UIApplicationSceneManifest_Generation = YES;
				INFOPLIST_KEY_UIApplicationSupportsIndirectInputEvents = YES;
				INFOPLIST_KEY_UILaunchScreen_Generation = YES;
				INFOPLIST_KEY_UISupportedInterfaceOrientations_iPad = "UIInterfaceOrientationPortrait UIInterfaceOrientationPortraitUpsideDown UIInterfaceOrientationLandscapeLeft UIInterfaceOrientationLandscapeRight";
				INFOPLIST_KEY_UISupportedInterfaceOrientations_iPhone = "UIInterfaceOrientationPortrait UIInterfaceOrientationLandscapeLeft UIInterfaceOrientationLandscapeRight";
				LD_RUNPATH_SEARCH_PATHS = (
					"$(inherited)",
					"@executable_path/Frameworks",
				);
				MARKETING_VERSION = 1.0;
				PRODUCT_BUNDLE_IDENTIFIER = com.saritzia.WeatherApp;
				PRODUCT_NAME = "$(TARGET_NAME)";
				SWIFT_EMIT_LOC_STRINGS = YES;
				SWIFT_VERSION = 5.0;
				TARGETED_DEVICE_FAMILY = "1,2";
			};
			name = Debug;
		};
		A5E41AFC2A7811C300346404 /* Release */ = {
			isa = XCBuildConfiguration;
			buildSettings = {
				ASSETCATALOG_COMPILER_APPICON_NAME = AppIcon;
				ASSETCATALOG_COMPILER_GLOBAL_ACCENT_COLOR_NAME = AccentColor;
				CODE_SIGN_STYLE = Automatic;
				CURRENT_PROJECT_VERSION = 1;
				DEVELOPMENT_ASSET_PATHS = "\"WeatherApp/Preview Content\"";
				ENABLE_PREVIEWS = YES;
				GENERATE_INFOPLIST_FILE = YES;
				INFOPLIST_KEY_UIApplicationSceneManifest_Generation = YES;
				INFOPLIST_KEY_UIApplicationSupportsIndirectInputEvents = YES;
				INFOPLIST_KEY_UILaunchScreen_Generation = YES;
				INFOPLIST_KEY_UISupportedInterfaceOrientations_iPad = "UIInterfaceOrientationPortrait UIInterfaceOrientationPortraitUpsideDown UIInterfaceOrientationLandscapeLeft UIInterfaceOrientationLandscapeRight";
				INFOPLIST_KEY_UISupportedInterfaceOrientations_iPhone = "UIInterfaceOrientationPortrait UIInterfaceOrientationLandscapeLeft UIInterfaceOrientationLandscapeRight";
				LD_RUNPATH_SEARCH_PATHS = (
					"$(inherited)",
					"@executable_path/Frameworks",
				);
				MARKETING_VERSION = 1.0;
				PRODUCT_BUNDLE_IDENTIFIER = com.saritzia.WeatherApp;
				PRODUCT_NAME = "$(TARGET_NAME)";
				SWIFT_EMIT_LOC_STRINGS = YES;
				SWIFT_VERSION = 5.0;
				TARGETED_DEVICE_FAMILY = "1,2";
			};
			name = Release;
		};
		A5E41AFE2A7811C300346404 /* Debug */ = {
			isa = XCBuildConfiguration;
			buildSettings = {
				ALWAYS_EMBED_SWIFT_STANDARD_LIBRARIES = YES;
				BUNDLE_LOADER = "$(TEST_HOST)";
				CODE_SIGN_STYLE = Automatic;
				CURRENT_PROJECT_VERSION = 1;
				GENERATE_INFOPLIST_FILE = YES;
				IPHONEOS_DEPLOYMENT_TARGET = 16.4;
				MARKETING_VERSION = 1.0;
				PRODUCT_BUNDLE_IDENTIFIER = com.saritzia.WeatherAppTests;
				PRODUCT_NAME = "$(TARGET_NAME)";
				SWIFT_EMIT_LOC_STRINGS = NO;
				SWIFT_VERSION = 5.0;
				TARGETED_DEVICE_FAMILY = "1,2";
				TEST_HOST = "$(BUILT_PRODUCTS_DIR)/WeatherApp.app/$(BUNDLE_EXECUTABLE_FOLDER_PATH)/WeatherApp";
			};
			name = Debug;
		};
		A5E41AFF2A7811C300346404 /* Release */ = {
			isa = XCBuildConfiguration;
			buildSettings = {
				ALWAYS_EMBED_SWIFT_STANDARD_LIBRARIES = YES;
				BUNDLE_LOADER = "$(TEST_HOST)";
				CODE_SIGN_STYLE = Automatic;
				CURRENT_PROJECT_VERSION = 1;
				GENERATE_INFOPLIST_FILE = YES;
				IPHONEOS_DEPLOYMENT_TARGET = 16.4;
				MARKETING_VERSION = 1.0;
				PRODUCT_BUNDLE_IDENTIFIER = com.saritzia.WeatherAppTests;
				PRODUCT_NAME = "$(TARGET_NAME)";
				SWIFT_EMIT_LOC_STRINGS = NO;
				SWIFT_VERSION = 5.0;
				TARGETED_DEVICE_FAMILY = "1,2";
				TEST_HOST = "$(BUILT_PRODUCTS_DIR)/WeatherApp.app/$(BUNDLE_EXECUTABLE_FOLDER_PATH)/WeatherApp";
			};
			name = Release;
		};
		A5E41B012A7811C300346404 /* Debug */ = {
			isa = XCBuildConfiguration;
			buildSettings = {
				ALWAYS_EMBED_SWIFT_STANDARD_LIBRARIES = YES;
				CODE_SIGN_STYLE = Automatic;
				CURRENT_PROJECT_VERSION = 1;
				GENERATE_INFOPLIST_FILE = YES;
				MARKETING_VERSION = 1.0;
				PRODUCT_BUNDLE_IDENTIFIER = com.saritzia.WeatherAppUITests;
				PRODUCT_NAME = "$(TARGET_NAME)";
				SWIFT_EMIT_LOC_STRINGS = NO;
				SWIFT_VERSION = 5.0;
				TARGETED_DEVICE_FAMILY = "1,2";
				TEST_TARGET_NAME = WeatherApp;
			};
			name = Debug;
		};
		A5E41B022A7811C300346404 /* Release */ = {
			isa = XCBuildConfiguration;
			buildSettings = {
				ALWAYS_EMBED_SWIFT_STANDARD_LIBRARIES = YES;
				CODE_SIGN_STYLE = Automatic;
				CURRENT_PROJECT_VERSION = 1;
				GENERATE_INFOPLIST_FILE = YES;
				MARKETING_VERSION = 1.0;
				PRODUCT_BUNDLE_IDENTIFIER = com.saritzia.WeatherAppUITests;
				PRODUCT_NAME = "$(TARGET_NAME)";
				SWIFT_EMIT_LOC_STRINGS = NO;
				SWIFT_VERSION = 5.0;
				TARGETED_DEVICE_FAMILY = "1,2";
				TEST_TARGET_NAME = WeatherApp;
			};
			name = Release;
		};
/* End XCBuildConfiguration section */

/* Begin XCConfigurationList section */
		A5E41AD12A7811C200346404 /* Build configuration list for PBXProject "WeatherApp" */ = {
			isa = XCConfigurationList;
			buildConfigurations = (
				A5E41AF82A7811C300346404 /* Debug */,
				A5E41AF92A7811C300346404 /* Release */,
			);
			defaultConfigurationIsVisible = 0;
			defaultConfigurationName = Release;
		};
		A5E41AFA2A7811C300346404 /* Build configuration list for PBXNativeTarget "WeatherApp" */ = {
			isa = XCConfigurationList;
			buildConfigurations = (
				A5E41AFB2A7811C300346404 /* Debug */,
				A5E41AFC2A7811C300346404 /* Release */,
			);
			defaultConfigurationIsVisible = 0;
			defaultConfigurationName = Release;
		};
		A5E41AFD2A7811C300346404 /* Build configuration list for PBXNativeTarget "WeatherAppTests" */ = {
			isa = XCConfigurationList;
			buildConfigurations = (
				A5E41AFE2A7811C300346404 /* Debug */,
				A5E41AFF2A7811C300346404 /* Release */,
			);
			defaultConfigurationIsVisible = 0;
			defaultConfigurationName = Release;
		};
		A5E41B002A7811C300346404 /* Build configuration list for PBXNativeTarget "WeatherAppUITests" */ = {
			isa = XCConfigurationList;
			buildConfigurations = (
				A5E41B012A7811C300346404 /* Debug */,
				A5E41B022A7811C300346404 /* Release */,
			);
			defaultConfigurationIsVisible = 0;
			defaultConfigurationName = Release;
		};
/* End XCConfigurationList section */
	};
	rootObject = A5E41ACE2A7811C200346404 /* Project object */;
}
